// !$*UTF8*$!
{
	archiveVersion = 1;
	classes = {
	};
	objectVersion = 77;
	objects = {

/* Begin PBXBuildFile section */
		D66504762FA0C937000762CC /* ContentView.swift in Sources */ = {isa = PBXBuildFile; fileRef = D66504752FA0C937000762CC /* ContentView.swift */; };
		D66504852FA10382000762CC /* AddHabitView.swift in Sources */ = {isa = PBXBuildFile; fileRef = D66504842FA10382000762CC /* AddHabitView.swift */; };
		D66504892FA10722000762CC /* MainView.swift in Sources */ = {isa = PBXBuildFile; fileRef = D66504882FA1070F000762CC /* MainView.swift */; };
		D665048B2FA10745000762CC /* HabitRowView.swift in Sources */ = {isa = PBXBuildFile; fileRef = D665048A2FA1072A000762CC /* HabitRowView.swift */; };
		D66504C82FA147DA000762CC /* HabitDetailView.swift in Sources */ = {isa = PBXBuildFile; fileRef = D66504C72FA147DA000762CC /* HabitDetailView.swift */; };
		D66504DF2FA15FDF000762CC /* HabitViewModel.swift in Sources */ = {isa = PBXBuildFile; fileRef = D66504822FA0D5B4000762CC /* HabitViewModel.swift */; };
		D66504E02FA15FEC000762CC /* HabitModel.swift in Sources */ = {isa = PBXBuildFile; fileRef = D66504812FA0D448000762CC /* HabitModel.swift */; };
		D66504E22FA20CD2000762CC /* ProgressBarView.swift in Sources */ = {isa = PBXBuildFile; fileRef = D66504E12FA20CD2000762CC /* ProgressBarView.swift */; };
		D66BB09C2FAA005F00704582 /* NotificationManager.swift in Sources */ = {isa = PBXBuildFile; fileRef = D66BB09B2FAA005D00704582 /* NotificationManager.swift */; };
		D66BB09E2FAA04A500704582 /* NotificationsSettingsView.swift in Sources */ = {isa = PBXBuildFile; fileRef = D66BB09D2FAA04A500704582 /* NotificationsSettingsView.swift */; };
		D66BB0A22FAA44CB00704582 /* NotificationsViewModel.swift in Sources */ = {isa = PBXBuildFile; fileRef = D66BB0A12FAA44B900704582 /* NotificationsViewModel.swift */; };
/* End PBXBuildFile section */

/* Begin PBXFileReference section */
		D66504702FA0C937000762CC /* HabiTrack.app */ = {isa = PBXFileReference; explicitFileType = wrapper.application; includeInIndex = 0; path = HabiTrack.app; sourceTree = BUILT_PRODUCTS_DIR; };
		D66504752FA0C937000762CC /* ContentView.swift */ = {isa = PBXFileReference; lastKnownFileType = sourcecode.swift; path = ContentView.swift; sourceTree = "<group>"; };
		D66504812FA0D448000762CC /* HabitModel.swift */ = {isa = PBXFileReference; lastKnownFileType = sourcecode.swift; path = HabitModel.swift; sourceTree = "<group>"; };
		D66504822FA0D5B4000762CC /* HabitViewModel.swift */ = {isa = PBXFileReference; lastKnownFileType = sourcecode.swift; path = HabitViewModel.swift; sourceTree = "<group>"; };
		D66504842FA10382000762CC /* AddHabitView.swift */ = {isa = PBXFileReference; lastKnownFileType = sourcecode.swift; path = AddHabitView.swift; sourceTree = "<group>"; };
		D66504882FA1070F000762CC /* MainView.swift */ = {isa = PBXFileReference; lastKnownFileType = sourcecode.swift; path = MainView.swift; sourceTree = "<group>"; };
		D665048A2FA1072A000762CC /* HabitRowView.swift */ = {isa = PBXFileReference; lastKnownFileType = sourcecode.swift; path = HabitRowView.swift; sourceTree = "<group>"; };
		D66504C72FA147DA000762CC /* HabitDetailView.swift */ = {isa = PBXFileReference; lastKnownFileType = sourcecode.swift; path = HabitDetailView.swift; sourceTree = "<group>"; };
		D66504E12FA20CD2000762CC /* ProgressBarView.swift */ = {isa = PBXFileReference; lastKnownFileType = sourcecode.swift; path = ProgressBarView.swift; sourceTree = "<group>"; };
		D66BB09B2FAA005D00704582 /* NotificationManager.swift */ = {isa = PBXFileReference; lastKnownFileType = sourcecode.swift; path = NotificationManager.swift; sourceTree = "<group>"; };
		D66BB09D2FAA04A500704582 /* NotificationsSettingsView.swift */ = {isa = PBXFileReference; lastKnownFileType = sourcecode.swift; path = NotificationsSettingsView.swift; sourceTree = "<group>"; };
		D66BB0A12FAA44B900704582 /* NotificationsViewModel.swift */ = {isa = PBXFileReference; lastKnownFileType = sourcecode.swift; path = NotificationsViewModel.swift; sourceTree = "<group>"; };
/* End PBXFileReference section */

/* Begin PBXFileSystemSynchronizedRootGroup section */
		D66504722FA0C937000762CC /* HabiTrack */ = {
			isa = PBXFileSystemSynchronizedRootGroup;
			path = HabiTrack;
			sourceTree = "<group>";
		};
/* End PBXFileSystemSynchronizedRootGroup section */

/* Begin PBXFrameworksBuildPhase section */
		D665046D2FA0C937000762CC /* Frameworks */ = {
			isa = PBXFrameworksBuildPhase;
			buildActionMask = 2147483647;
			files = (
			);
			runOnlyForDeploymentPostprocessing = 0;
		};
/* End PBXFrameworksBuildPhase section */

/* Begin PBXGroup section */
		D66504672FA0C937000762CC = {
			isa = PBXGroup;
			children = (
				D66BB09F2FAA09DE00704582 /* Manager */,
				D66504802FA0C973000762CC /* ViewModel */,
				D665047F2FA0C961000762CC /* View */,
				D665047E2FA0C94C000762CC /* Model */,
				D66504712FA0C937000762CC /* Products */,
				D66504722FA0C937000762CC /* HabiTrack */,
			);
			sourceTree = "<group>";
		};
		D66504712FA0C937000762CC /* Products */ = {
			isa = PBXGroup;
			children = (
				D66504702FA0C937000762CC /* HabiTrack.app */,
			);
			name = Products;
			sourceTree = "<group>";
		};
		D665047E2FA0C94C000762CC /* Model */ = {
			isa = PBXGroup;
			children = (
				D66504812FA0D448000762CC /* HabitModel.swift */,
			);
			path = Model;
			sourceTree = "<group>";
		};
		D665047F2FA0C961000762CC /* View */ = {
			isa = PBXGroup;
			children = (
				D66504752FA0C937000762CC /* ContentView.swift */,
				D66504882FA1070F000762CC /* MainView.swift */,
				D66504E12FA20CD2000762CC /* ProgressBarView.swift */,
				D665048A2FA1072A000762CC /* HabitRowView.swift */,
				D66504842FA10382000762CC /* AddHabitView.swift */,
				D66504C72FA147DA000762CC /* HabitDetailView.swift */,
				D66BB09D2FAA04A500704582 /* NotificationsSettingsView.swift */,
			);
			path = View;
			sourceTree = "<group>";
		};
		D66504802FA0C973000762CC /* ViewModel */ = {
			isa = PBXGroup;
			children = (
				D66BB0A12FAA44B900704582 /* NotificationsViewModel.swift */,
				D66504822FA0D5B4000762CC /* HabitViewModel.swift */,
			);
			path = ViewModel;
			sourceTree = "<group>";
		};
		D66BB09F2FAA09DE00704582 /* Manager */ = {
			isa = PBXGroup;
			children = (
				D66BB09B2FAA005D00704582 /* NotificationManager.swift */,
			);
			path = Manager;
			sourceTree = "<group>";
		};
/* End PBXGroup section */

/* Begin PBXNativeTarget section */
		D665046F2FA0C937000762CC /* HabiTrack */ = {
			isa = PBXNativeTarget;
			buildConfigurationList = D665047B2FA0C939000762CC /* Build configuration list for PBXNativeTarget "HabiTrack" */;
			buildPhases = (
				D665046C2FA0C937000762CC /* Sources */,
				D665046D2FA0C937000762CC /* Frameworks */,
				D665046E2FA0C937000762CC /* Resources */,
			);
			buildRules = (
			);
			dependencies = (
			);
			fileSystemSynchronizedGroups = (
				D66504722FA0C937000762CC /* HabiTrack */,
			);
			name = HabiTrack;
			packageProductDependencies = (
			);
			productName = HabiTrack;
			productReference = D66504702FA0C937000762CC /* HabiTrack.app */;
			productType = "com.apple.product-type.application";
		};
/* End PBXNativeTarget section */

/* Begin PBXProject section */
		D66504682FA0C937000762CC /* Project object */ = {
			isa = PBXProject;
			attributes = {
				BuildIndependentTargetsInParallel = 1;
				LastSwiftUpdateCheck = 2630;
				LastUpgradeCheck = 2630;
				TargetAttributes = {
					D665046F2FA0C937000762CC = {
						CreatedOnToolsVersion = 26.3;
					};
				};
			};
			buildConfigurationList = D665046B2FA0C937000762CC /* Build configuration list for PBXProject "HabiTrack" */;
			developmentRegion = en;
			hasScannedForEncodings = 0;
			knownRegions = (
				en,
				Base,
			);
			mainGroup = D66504672FA0C937000762CC;
			minimizedProjectReferenceProxies = 1;
			preferredProjectObjectVersion = 77;
			productRefGroup = D66504712FA0C937000762CC /* Products */;
			projectDirPath = "";
			projectRoot = "";
			targets = (
				D665046F2FA0C937000762CC /* HabiTrack */,
			);
		};
/* End PBXProject section */

/* Begin PBXResourcesBuildPhase section */
		D665046E2FA0C937000762CC /* Resources */ = {
			isa = PBXResourcesBuildPhase;
			buildActionMask = 2147483647;
			files = (
			);
			runOnlyForDeploymentPostprocessing = 0;
		};
/* End PBXResourcesBuildPhase section */

/* Begin PBXSourcesBuildPhase section */
		D665046C2FA0C937000762CC /* Sources */ = {
			isa = PBXSourcesBuildPhase;
			buildActionMask = 2147483647;
			files = (
				D66504E02FA15FEC000762CC /* HabitModel.swift in Sources */,
				D66504C82FA147DA000762CC /* HabitDetailView.swift in Sources */,
				D66504762FA0C937000762CC /* ContentView.swift in Sources */,
				D66504892FA10722000762CC /* MainView.swift in Sources */,
				D66BB09E2FAA04A500704582 /* NotificationsSettingsView.swift in Sources */,
				D66BB0A22FAA44CB00704582 /* NotificationsViewModel.swift in Sources */,
				D66504DF2FA15FDF000762CC /* HabitViewModel.swift in Sources */,
				D665048B2FA10745000762CC /* HabitRowView.swift in Sources */,
				D66BB09C2FAA005F00704582 /* NotificationManager.swift in Sources */,
				D66504852FA10382000762CC /* AddHabitView.swift in Sources */,
				D66504E22FA20CD2000762CC /* ProgressBarView.swift in Sources */,
			);
			runOnlyForDeploymentPostprocessing = 0;
		};
/* End PBXSourcesBuildPhase section */

/* Begin XCBuildConfiguration section */
		D66504792FA0C939000762CC /* Debug */ = {
			isa = XCBuildConfiguration;
			buildSettings = {
				ALWAYS_SEARCH_USER_PATHS = NO;
				ASSETCATALOG_COMPILER_GENERATE_SWIFT_ASSET_SYMBOL_EXTENSIONS = YES;
				CLANG_ANALYZER_NONNULL = YES;
				CLANG_ANALYZER_NUMBER_OBJECT_CONVERSION = YES_AGGRESSIVE;
				CLANG_CXX_LANGUAGE_STANDARD = "gnu++20";
				CLANG_ENABLE_MODULES = YES;
				CLANG_ENABLE_OBJC_ARC = YES;
				CLANG_ENABLE_OBJC_WEAK = YES;
				CLANG_WARN_BLOCK_CAPTURE_AUTORELEASING = YES;
				CLANG_WARN_BOOL_CONVERSION = YES;
				CLANG_WARN_COMMA = YES;
				CLANG_WARN_CONSTANT_CONVERSION = YES;
				CLANG_WARN_DEPRECATED_OBJC_IMPLEMENTATIONS = YES;
				CLANG_WARN_DIRECT_OBJC_ISA_USAGE = YES_ERROR;
				CLANG_WARN_DOCUMENTATION_COMMENTS = YES;
				CLANG_WARN_EMPTY_BODY = YES;
				CLANG_WARN_ENUM_CONVERSION = YES;
				CLANG_WARN_INFINITE_RECURSION = YES;
				CLANG_WARN_INT_CONVERSION = YES;
				CLANG_WARN_NON_LITERAL_NULL_CONVERSION = YES;
				CLANG_WARN_OBJC_IMPLICIT_RETAIN_SELF = YES;
				CLANG_WARN_OBJC_LITERAL_CONVERSION = YES;
				CLANG_WARN_OBJC_ROOT_CLASS = YES_ERROR;
				CLANG_WARN_QUOTED_INCLUDE_IN_FRAMEWORK_HEADER = YES;
				CLANG_WARN_RANGE_LOOP_ANALYSIS = YES;
				CLANG_WARN_STRICT_PROTOTYPES = YES;
				CLANG_WARN_SUSPICIOUS_MOVE = YES;
				CLANG_WARN_UNGUARDED_AVAILABILITY = YES_AGGRESSIVE;
				CLANG_WARN_UNREACHABLE_CODE = YES;
				CLANG_WARN__DUPLICATE_METHOD_MATCH = YES;
				COPY_PHASE_STRIP = NO;
				DEBUG_INFORMATION_FORMAT = dwarf;
				DEVELOPMENT_TEAM = 4349Q4C59X;
				ENABLE_STRICT_OBJC_MSGSEND = YES;
				ENABLE_TESTABILITY = YES;
				ENABLE_USER_SCRIPT_SANDBOXING = YES;
				GCC_C_LANGUAGE_STANDARD = gnu17;
				GCC_DYNAMIC_NO_PIC = NO;
				GCC_NO_COMMON_BLOCKS = YES;
				GCC_OPTIMIZATION_LEVEL = 0;
				GCC_PREPROCESSOR_DEFINITIONS = (
					"DEBUG=1",
					"$(inherited)",
				);
				GCC_WARN_64_TO_32_BIT_CONVERSION = YES;
				GCC_WARN_ABOUT_RETURN_TYPE = YES_ERROR;
				GCC_WARN_UNDECLARED_SELECTOR = YES;
				GCC_WARN_UNINITIALIZED_AUTOS = YES_AGGRESSIVE;
				GCC_WARN_UNUSED_FUNCTION = YES;
				GCC_WARN_UNUSED_VARIABLE = YES;
				IPHONEOS_DEPLOYMENT_TARGET = 26.2;
				LOCALIZATION_PREFERS_STRING_CATALOGS = YES;
				MTL_ENABLE_DEBUG_INFO = INCLUDE_SOURCE;
				MTL_FAST_MATH = YES;
				ONLY_ACTIVE_ARCH = YES;
				SDKROOT = iphoneos;
				SWIFT_ACTIVE_COMPILATION_CONDITIONS = "DEBUG $(inherited)";
				SWIFT_OPTIMIZATION_LEVEL = "-Onone";
			};
			name = Debug;
		};
		D665047A2FA0C939000762CC /* Release */ = {
			isa = XCBuildConfiguration;
			buildSettings = {
				ALWAYS_SEARCH_USER_PATHS = NO;
				ASSETCATALOG_COMPILER_GENERATE_SWIFT_ASSET_SYMBOL_EXTENSIONS = YES;
				CLANG_ANALYZER_NONNULL = YES;
				CLANG_ANALYZER_NUMBER_OBJECT_CONVERSION = YES_AGGRESSIVE;
				CLANG_CXX_LANGUAGE_STANDARD = "gnu++20";
				CLANG_ENABLE_MODULES = YES;
				CLANG_ENABLE_OBJC_ARC = YES;
				CLANG_ENABLE_OBJC_WEAK = YES;
				CLANG_WARN_BLOCK_CAPTURE_AUTORELEASING = YES;
				CLANG_WARN_BOOL_CONVERSION = YES;
				CLANG_WARN_COMMA = YES;
				CLANG_WARN_CONSTANT_CONVERSION = YES;
				CLANG_WARN_DEPRECATED_OBJC_IMPLEMENTATIONS = YES;
				CLANG_WARN_DIRECT_OBJC_ISA_USAGE = YES_ERROR;
				CLANG_WARN_DOCUMENTATION_COMMENTS = YES;
				CLANG_WARN_EMPTY_BODY = YES;
				CLANG_WARN_ENUM_CONVERSION = YES;
				CLANG_WARN_INFINITE_RECURSION = YES;
				CLANG_WARN_INT_CONVERSION = YES;
				CLANG_WARN_NON_LITERAL_NULL_CONVERSION = YES;
				CLANG_WARN_OBJC_IMPLICIT_RETAIN_SELF = YES;
				CLANG_WARN_OBJC_LITERAL_CONVERSION = YES;
				CLANG_WARN_OBJC_ROOT_CLASS = YES_ERROR;
				CLANG_WARN_QUOTED_INCLUDE_IN_FRAMEWORK_HEADER = YES;
				CLANG_WARN_RANGE_LOOP_ANALYSIS = YES;
				CLANG_WARN_STRICT_PROTOTYPES = YES;
				CLANG_WARN_SUSPICIOUS_MOVE = YES;
				CLANG_WARN_UNGUARDED_AVAILABILITY = YES_AGGRESSIVE;
				CLANG_WARN_UNREACHABLE_CODE = YES;
				CLANG_WARN__DUPLICATE_METHOD_MATCH = YES;
				COPY_PHASE_STRIP = NO;
				DEBUG_INFORMATION_FORMAT = "dwarf-with-dsym";
				DEVELOPMENT_TEAM = 4349Q4C59X;
				ENABLE_NS_ASSERTIONS = NO;
				ENABLE_STRICT_OBJC_MSGSEND = YES;
				ENABLE_USER_SCRIPT_SANDBOXING = YES;
				GCC_C_LANGUAGE_STANDARD = gnu17;
				GCC_NO_COMMON_BLOCKS = YES;
				GCC_WARN_64_TO_32_BIT_CONVERSION = YES;
				GCC_WARN_ABOUT_RETURN_TYPE = YES_ERROR;
				GCC_WARN_UNDECLARED_SELECTOR = YES;
				GCC_WARN_UNINITIALIZED_AUTOS = YES_AGGRESSIVE;
				GCC_WARN_UNUSED_FUNCTION = YES;
				GCC_WARN_UNUSED_VARIABLE = YES;
				IPHONEOS_DEPLOYMENT_TARGET = 26.2;
				LOCALIZATION_PREFERS_STRING_CATALOGS = YES;
				MTL_ENABLE_DEBUG_INFO = NO;
				MTL_FAST_MATH = YES;
				SDKROOT = iphoneos;
				SWIFT_COMPILATION_MODE = wholemodule;
				VALIDATE_PRODUCT = YES;
			};
			name = Release;
		};
		D665047C2FA0C939000762CC /* Debug */ = {
			isa = XCBuildConfiguration;
			buildSettings = {
				ASSETCATALOG_COMPILER_APPICON_NAME = AppIcon;
				ASSETCATALOG_COMPILER_GLOBAL_ACCENT_COLOR_NAME = AccentColor;
				CODE_SIGN_STYLE = Automatic;
				CURRENT_PROJECT_VERSION = 1;
				DEVELOPMENT_TEAM = 4349Q4C59X;
				ENABLE_PREVIEWS = YES;
				GENERATE_INFOPLIST_FILE = YES;
				INFOPLIST_KEY_UIApplicationSceneManifest_Generation = YES;
				INFOPLIST_KEY_UIApplicationSupportsIndirectInputEvents = YES;
				INFOPLIST_KEY_UILaunchScreen_Generation = YES;
				INFOPLIST_KEY_UISupportedInterfaceOrientations_iPad = "UIInterfaceOrientationPortrait UIInterfaceOrientationPortraitUpsideDown UIInterfaceOrientationLandscapeLeft UIInterfaceOrientationLandscapeRight";
				INFOPLIST_KEY_UISupportedInterfaceOrientations_iPhone = "UIInterfaceOrientationPortrait UIInterfaceOrientationLandscapeLeft UIInterfaceOrientationLandscapeRight";
				LD_RUNPATH_SEARCH_PATHS = (
					"$(inherited)",
					"@executable_path/Frameworks",
				);
				MARKETING_VERSION = 1.0;
				PRODUCT_BUNDLE_IDENTIFIER = Stina.HabiTrack;
				PRODUCT_NAME = "$(TARGET_NAME)";
				STRING_CATALOG_GENERATE_SYMBOLS = YES;
				SWIFT_APPROACHABLE_CONCURRENCY = YES;
				SWIFT_DEFAULT_ACTOR_ISOLATION = MainActor;
				SWIFT_EMIT_LOC_STRINGS = YES;
				SWIFT_UPCOMING_FEATURE_MEMBER_IMPORT_VISIBILITY = YES;
				SWIFT_VERSION = 5.0;
				TARGETED_DEVICE_FAMILY = "1,2";
			};
			name = Debug;
		};
		D665047D2FA0C939000762CC /* Release */ = {
			isa = XCBuildConfiguration;
			buildSettings = {
				ASSETCATALOG_COMPILER_APPICON_NAME = AppIcon;
				ASSETCATALOG_COMPILER_GLOBAL_ACCENT_COLOR_NAME = AccentColor;
				CODE_SIGN_STYLE = Automatic;
				CURRENT_PROJECT_VERSION = 1;
				DEVELOPMENT_TEAM = 4349Q4C59X;
				ENABLE_PREVIEWS = YES;
				GENERATE_INFOPLIST_FILE = YES;
				INFOPLIST_KEY_UIApplicationSceneManifest_Generation = YES;
				INFOPLIST_KEY_UIApplicationSupportsIndirectInputEvents = YES;
				INFOPLIST_KEY_UILaunchScreen_Generation = YES;
				INFOPLIST_KEY_UISupportedInterfaceOrientations_iPad = "UIInterfaceOrientationPortrait UIInterfaceOrientationPortraitUpsideDown UIInterfaceOrientationLandscapeLeft UIInterfaceOrientationLandscapeRight";
				INFOPLIST_KEY_UISupportedInterfaceOrientations_iPhone = "UIInterfaceOrientationPortrait UIInterfaceOrientationLandscapeLeft UIInterfaceOrientationLandscapeRight";
				LD_RUNPATH_SEARCH_PATHS = (
					"$(inherited)",
					"@executable_path/Frameworks",
				);
				MARKETING_VERSION = 1.0;
				PRODUCT_BUNDLE_IDENTIFIER = Stina.HabiTrack;
				PRODUCT_NAME = "$(TARGET_NAME)";
				STRING_CATALOG_GENERATE_SYMBOLS = YES;
				SWIFT_APPROACHABLE_CONCURRENCY = YES;
				SWIFT_DEFAULT_ACTOR_ISOLATION = MainActor;
				SWIFT_EMIT_LOC_STRINGS = YES;
				SWIFT_UPCOMING_FEATURE_MEMBER_IMPORT_VISIBILITY = YES;
				SWIFT_VERSION = 5.0;
				TARGETED_DEVICE_FAMILY = "1,2";
			};
			name = Release;
		};
/* End XCBuildConfiguration section */

/* Begin XCConfigurationList section */
		D665046B2FA0C937000762CC /* Build configuration list for PBXProject "HabiTrack" */ = {
			isa = XCConfigurationList;
			buildConfigurations = (
				D66504792FA0C939000762CC /* Debug */,
				D665047A2FA0C939000762CC /* Release */,
			);
			defaultConfigurationIsVisible = 0;
			defaultConfigurationName = Release;
		};
		D665047B2FA0C939000762CC /* Build configuration list for PBXNativeTarget "HabiTrack" */ = {
			isa = XCConfigurationList;
			buildConfigurations = (
				D665047C2FA0C939000762CC /* Debug */,
				D665047D2FA0C939000762CC /* Release */,
			);
			defaultConfigurationIsVisible = 0;
			defaultConfigurationName = Release;
		};
/* End XCConfigurationList section */
	};
	rootObject = D66504682FA0C937000762CC /* Project object */;
}
